Microsoft Visual Studio Solution File, Format Version 12.00
# Visual Studio Version 17
VisualStudioVersion = 17.13.35825.156
MinimumVisualStudioVersion = 10.0.40219.1
Project("{FAE04EC0-301F-11D3-BF4B-00C04F79EFBC}") = "UserRoles", "UserRoles\UserRoles.csproj", "{2DB87BBD-4ED7-42B9-AF52-759C7558C7B1}"
EndProject
Global
	GlobalSection(SolutionConfigurationPlatforms) = preSolution
		Debug|Any CPU = Debug|Any CPU
		Release|Any CPU = Release|Any CPU
	EndGlobalSection
	GlobalSection(ProjectConfigurationPlatforms) = postSolution
		{2DB87BBD-4ED7-42B9-AF52-759C7558C7B1}.Debug|Any CPU.ActiveCfg = Debug|Any CPU
		{2DB87BBD-4ED7-42B9-AF52-759C7558C7B1}.Debug|Any CPU.Build.0 = Debug|Any CPU
		{2DB87BBD-4ED7-42B9-AF52-759C7558C7B1}.Release|Any CPU.ActiveCfg = Release|Any CPU
		{2DB87BBD-4ED7-42B9-AF52-759C7558C7B1}.Release|Any CPU.Build.0 = Release|Any CPU
	EndGlobalSection
	GlobalSection(SolutionProperties) = preSolution
		HideSolutionNode = FALSE
	EndGlobalSection
	GlobalSection(ExtensibilityGlobals) = postSolution
		SolutionGuid = {EB6A08CD-2B7E-402B-A96B-5F5EB3ABED37}
	EndGlobalSection
EndGlobal
